
Microsoft Visual Studio Solution File, Format Version 12.00
# Visual Studio Version 17
VisualStudioVersion = 17.9.34714.143
MinimumVisualStudioVersion = 10.0.40219.1
Project("{FAE04EC0-301F-11D3-BF4B-00C04F79EFBC}") = "Problema Archivos", "Problema Archivos\Problema Archivos.csproj", "{5ECAA6A9-DECF-4844-8CB8-BE46E1875C39}"
EndProject
Global
	GlobalSection(SolutionConfigurationPlatforms) = preSolution
		Debug|Any CPU = Debug|Any CPU
		Release|Any CPU = Release|Any CPU
	EndGlobalSection
	GlobalSection(ProjectConfigurationPlatforms) = postSolution
		{5ECAA6A9-DECF-4844-8CB8-BE46E1875C39}.Debug|Any CPU.ActiveCfg = Debug|Any CPU
		{5ECAA6A9-DECF-4844-8CB8-BE46E1875C39}.Debug|Any CPU.Build.0 = Debug|Any CPU
		{5ECAA6A9-DECF-4844-8CB8-BE46E1875C39}.Release|Any CPU.ActiveCfg = Release|Any CPU
		{5ECAA6A9-DECF-4844-8CB8-BE46E1875C39}.Release|Any CPU.Build.0 = Release|Any CPU
	EndGlobalSection
	GlobalSection(SolutionProperties) = preSolution
		HideSolutionNode = FALSE
	EndGlobalSection
	GlobalSection(ExtensibilityGlobals) = postSolution
		SolutionGuid = {E692AA2B-6FAE-4D50-A8E9-154FE005B9A8}
	EndGlobalSection
EndGlobal
